
Microsoft Visual Studio Solution File, Format Version 12.00
# Visual Studio Version 16
VisualStudioVersion = 16.0.34931.43
MinimumVisualStudioVersion = 10.0.40219.1
Project("{FAE04EC0-301F-11D3-BF4B-00C04F79EFBC}") = "RemoteHost", "RemoteHost\RemoteHost.csproj", "{07E38026-4B46-4406-AC9E-FA67F4B6F942}"
EndProject
Project("{FAE04EC0-301F-11D3-BF4B-00C04F79EFBC}") = "RemoteServices", "..\..\RemoteServer\RemoteServices\RemoteServices.csproj", "{19DC8A4B-0F52-401A-AF3F-F5766FA3A154}"
EndProject
Global
	GlobalSection(SolutionConfigurationPlatforms) = preSolution
		Debug|Any CPU = Debug|Any CPU
		Release|Any CPU = Release|Any CPU
	EndGlobalSection
	GlobalSection(ProjectConfigurationPlatforms) = postSolution
		{07E38026-4B46-4406-AC9E-FA67F4B6F942}.Debug|Any CPU.ActiveCfg = Debug|Any CPU
		{07E38026-4B46-4406-AC9E-FA67F4B6F942}.Debug|Any CPU.Build.0 = Debug|Any CPU
		{07E38026-4B46-4406-AC9E-FA67F4B6F942}.Release|Any CPU.ActiveCfg = Release|Any CPU
		{07E38026-4B46-4406-AC9E-FA67F4B6F942}.Release|Any CPU.Build.0 = Release|Any CPU
		{19DC8A4B-0F52-401A-AF3F-F5766FA3A154}.Debug|Any CPU.ActiveCfg = Debug|Any CPU
		{19DC8A4B-0F52-401A-AF3F-F5766FA3A154}.Debug|Any CPU.Build.0 = Debug|Any CPU
		{19DC8A4B-0F52-401A-AF3F-F5766FA3A154}.Release|Any CPU.ActiveCfg = Release|Any CPU
		{19DC8A4B-0F52-401A-AF3F-F5766FA3A154}.Release|Any CPU.Build.0 = Release|Any CPU
	EndGlobalSection
	GlobalSection(SolutionProperties) = preSolution
		HideSolutionNode = FALSE
	EndGlobalSection
	GlobalSection(ExtensibilityGlobals) = postSolution
		SolutionGuid = {22FCAC7F-B053-4302-BEE7-DB4802F214FA}
	EndGlobalSection
EndGlobal
