
Microsoft Visual Studio Solution File, Format Version 12.00
# Visual Studio Version 16
VisualStudioVersion = 16.0.34931.43
MinimumVisualStudioVersion = 10.0.40219.1
Project("{FAE04EC0-301F-11D3-BF4B-00C04F79EFBC}") = "RemoteServerLibrary", "RemoteServerLibrary\RemoteServerLibrary.csproj", "{0408D516-BBD9-4149-B24A-3538B79BC654}"
EndProject
Project("{FAE04EC0-301F-11D3-BF4B-00C04F79EFBC}") = "HostServer", "HostServer\HostServer.csproj", "{B173D885-F89A-4B65-A6C5-9A067D349E54}"
EndProject
Global
	GlobalSection(SolutionConfigurationPlatforms) = preSolution
		Debug|Any CPU = Debug|Any CPU
		Release|Any CPU = Release|Any CPU
	EndGlobalSection
	GlobalSection(ProjectConfigurationPlatforms) = postSolution
		{0408D516-BBD9-4149-B24A-3538B79BC654}.Debug|Any CPU.ActiveCfg = Debug|Any CPU
		{0408D516-BBD9-4149-B24A-3538B79BC654}.Debug|Any CPU.Build.0 = Debug|Any CPU
		{0408D516-BBD9-4149-B24A-3538B79BC654}.Release|Any CPU.ActiveCfg = Release|Any CPU
		{0408D516-BBD9-4149-B24A-3538B79BC654}.Release|Any CPU.Build.0 = Release|Any CPU
		{B173D885-F89A-4B65-A6C5-9A067D349E54}.Debug|Any CPU.ActiveCfg = Debug|Any CPU
		{B173D885-F89A-4B65-A6C5-9A067D349E54}.Debug|Any CPU.Build.0 = Debug|Any CPU
		{B173D885-F89A-4B65-A6C5-9A067D349E54}.Release|Any CPU.ActiveCfg = Release|Any CPU
		{B173D885-F89A-4B65-A6C5-9A067D349E54}.Release|Any CPU.Build.0 = Release|Any CPU
	EndGlobalSection
	GlobalSection(SolutionProperties) = preSolution
		HideSolutionNode = FALSE
	EndGlobalSection
	GlobalSection(ExtensibilityGlobals) = postSolution
		SolutionGuid = {EEFA0EAD-9AA8-4F11-9807-7A7D39796957}
	EndGlobalSection
EndGlobal
